{"1.1.0",
[{<<"goldrush">>,{pkg,<<"goldrush">>,<<"0.1.9">>},2},
 {<<"lager">>,{pkg,<<"lager">>,<<"3.6.10">>},1},
 {<<"wms_common">>,
  {git,"git@github.com:m-attila/wms_common.git",
       {ref,"a6035eb68704ab161649f0c3c9c9d506abdbeca9"}},
  0},
 {<<"wms_logger">>,
  {git,"git@github.com:m-attila/wms_logger.git",
       {ref,"7f07568c1d6a30faa5f042f18bab3e5554cc2dd0"}},
  0}]}.
[
{pkg_hash,[
 {<<"goldrush">>, <<"F06E5D5F1277DA5C413E84D5A2924174182FB108DABB39D5EC548B27424CD106">>},
 {<<"lager">>, <<"6172B43AB720AC33914CCD0AEB21FDBDF88213847707D4B91E6AF57B2AE5C4D2">>}]}
].
